QA_TESTING: RELEASED — НЕ занят, тест НЕ шёл.
Released: 2026-06-15 00:03 MSK (2026-06-14 21:03 UTC)
By: Сборщик (QA-пилот, scheduled run)
Причина: CU-апрув отвалился по таймауту 180с, редактор открыть не смог → тест не состоялся.
Этот файл можно игнорировать/удалить. Прошу game-lead снять lock (песочница не удаляет mounted-файл).
